
Microsoft Visual Studio Solution File, Format Version 12.00
# Visual Studio Version 17
VisualStudioVersion = 17.7.34031.279
MinimumVisualStudioVersion = 10.0.40219.1
Project("{9A19103F-16F7-4668-BE54-9A1E7A4F7556}") = "Outsystems.Word2PDF", "Word2PDF\Outsystems.Word2PDF.csproj", "{4182A08F-C76C-4DB0-98FB-230374680AA3}"
EndProject
Project("{9A19103F-16F7-4668-BE54-9A1E7A4F7556}") = "Outsystems.UnitTest.WordPDF", "UnitTest.WordPDF\Outsystems.UnitTest.WordPDF.csproj", "{25CDE447-AD10-40BF-9BDB-90F1812ED906}"
EndProject
Global
	GlobalSection(SolutionConfigurationPlatforms) = preSolution
		Debug|Any CPU = Debug|Any CPU
		Release|Any CPU = Release|Any CPU
	EndGlobalSection
	GlobalSection(ProjectConfigurationPlatforms) = postSolution
		{4182A08F-C76C-4DB0-98FB-230374680AA3}.Debug|Any CPU.ActiveCfg = Debug|Any CPU
		{4182A08F-C76C-4DB0-98FB-230374680AA3}.Debug|Any CPU.Build.0 = Debug|Any CPU
		{4182A08F-C76C-4DB0-98FB-230374680AA3}.Release|Any CPU.ActiveCfg = Release|Any CPU
		{4182A08F-C76C-4DB0-98FB-230374680AA3}.Release|Any CPU.Build.0 = Release|Any CPU
		{25CDE447-AD10-40BF-9BDB-90F1812ED906}.Debug|Any CPU.ActiveCfg = Debug|Any CPU
		{25CDE447-AD10-40BF-9BDB-90F1812ED906}.Debug|Any CPU.Build.0 = Debug|Any CPU
		{25CDE447-AD10-40BF-9BDB-90F1812ED906}.Release|Any CPU.ActiveCfg = Release|Any CPU
		{25CDE447-AD10-40BF-9BDB-90F1812ED906}.Release|Any CPU.Build.0 = Release|Any CPU
	EndGlobalSection
	GlobalSection(SolutionProperties) = preSolution
		HideSolutionNode = FALSE
	EndGlobalSection
	GlobalSection(ExtensibilityGlobals) = postSolution
		SolutionGuid = {B0EEF404-205B-4E75-ABC0-1BCB65E48661}
	EndGlobalSection
EndGlobal
